{
  "originHash" : "55242e1d0cb062b9c936e0087412f11bf1595bd6f9326f5f8e5bafea2be17ac6",
  "pins" : [
    {
      "identity" : "common-log",
      "kind" : "remoteSourceControl",
      "location" : "https://github.com/swift-universal/common-log.git",
      "state" : {
        "revision" : "3673bf1ec1000637ef5eb2952b2d4c19f332c34d",
        "version" : "3.0.1"
      }
    },
    {
      "identity" : "swift-docc-plugin",
      "kind" : "remoteSourceControl",
      "location" : "https://github.com/apple/swift-docc-plugin",
      "state" : {
        "revision" : "3e4f133a77e644a5812911a0513aeb7288b07d06",
        "version" : "1.4.5"
      }
    },
    {
      "identity" : "swift-docc-symbolkit",
      "kind" : "remoteSourceControl",
      "location" : "https://github.com/swiftlang/swift-docc-symbolkit",
      "state" : {
        "revision" : "b45d1f2ed151d057b54504d653e0da5552844e34",
        "version" : "1.0.0"
      }
    },
    {
      "identity" : "swift-log",
      "kind" : "remoteSourceControl",
      "location" : "https://github.com/apple/swift-log.git",
      "state" : {
        "revision" : "2778fd4e5a12a8aaa30a3ee8285f4ce54c5f3181",
        "version" : "1.9.1"
      }
    },
    {
      "identity" : "wrkstrm-main",
      "kind" : "remoteSourceControl",
      "location" : "https://github.com/wrkstrm/wrkstrm-main.git",
      "state" : {
        "revision" : "1de396498cc89cd439eb1422ebda3bb44f1ffdf2",
        "version" : "3.0.2"
      }
    }
  ],
  "version" : 3
}
